
Microsoft Visual Studio Solution File, Format Version 12.00
# Visual Studio Version 17
VisualStudioVersion = 17.0.31903.59
MinimumVisualStudioVersion = 10.0.40219.1
Project("{9A19103F-16F7-4668-BE54-9A1E7A4F7556}") = "Dating-Prediction", "Dating-Prediction.csproj", "{D3F0753D-20C2-4D98-ABD0-A32EEE66D94C}"
EndProject
Project("{FAE04EC0-301F-11D3-BF4B-00C04F79EFBC}") = "GuiImplentation", "..\GuiImplentation\GuiImplentation.csproj", "{D41F6C61-7AD6-4C44-B52A-E362A840964E}"
EndProject
Global
	GlobalSection(SolutionConfigurationPlatforms) = preSolution
		Debug|Any CPU = Debug|Any CPU
		Debug|x64 = Debug|x64
		Debug|x86 = Debug|x86
		Release|Any CPU = Release|Any CPU
		Release|x64 = Release|x64
		Release|x86 = Release|x86
	EndGlobalSection
	GlobalSection(ProjectConfigurationPlatforms) = postSolution
		{D3F0753D-20C2-4D98-ABD0-A32EEE66D94C}.Debug|Any CPU.ActiveCfg = Debug|Any CPU
		{D3F0753D-20C2-4D98-ABD0-A32EEE66D94C}.Debug|Any CPU.Build.0 = Debug|Any CPU
		{D3F0753D-20C2-4D98-ABD0-A32EEE66D94C}.Debug|x64.ActiveCfg = Debug|Any CPU
		{D3F0753D-20C2-4D98-ABD0-A32EEE66D94C}.Debug|x64.Build.0 = Debug|Any CPU
		{D3F0753D-20C2-4D98-ABD0-A32EEE66D94C}.Debug|x86.ActiveCfg = Debug|Any CPU
		{D3F0753D-20C2-4D98-ABD0-A32EEE66D94C}.Debug|x86.Build.0 = Debug|Any CPU
		{D3F0753D-20C2-4D98-ABD0-A32EEE66D94C}.Release|Any CPU.ActiveCfg = Release|Any CPU
		{D3F0753D-20C2-4D98-ABD0-A32EEE66D94C}.Release|Any CPU.Build.0 = Release|Any CPU
		{D3F0753D-20C2-4D98-ABD0-A32EEE66D94C}.Release|x64.ActiveCfg = Release|Any CPU
		{D3F0753D-20C2-4D98-ABD0-A32EEE66D94C}.Release|x64.Build.0 = Release|Any CPU
		{D3F0753D-20C2-4D98-ABD0-A32EEE66D94C}.Release|x86.ActiveCfg = Release|Any CPU
		{D3F0753D-20C2-4D98-ABD0-A32EEE66D94C}.Release|x86.Build.0 = Release|Any CPU
		{D41F6C61-7AD6-4C44-B52A-E362A840964E}.Debug|Any CPU.ActiveCfg = Debug|Any CPU
		{D41F6C61-7AD6-4C44-B52A-E362A840964E}.Debug|Any CPU.Build.0 = Debug|Any CPU
		{D41F6C61-7AD6-4C44-B52A-E362A840964E}.Debug|x64.ActiveCfg = Debug|Any CPU
		{D41F6C61-7AD6-4C44-B52A-E362A840964E}.Debug|x64.Build.0 = Debug|Any CPU
		{D41F6C61-7AD6-4C44-B52A-E362A840964E}.Debug|x86.ActiveCfg = Debug|Any CPU
		{D41F6C61-7AD6-4C44-B52A-E362A840964E}.Debug|x86.Build.0 = Debug|Any CPU
		{D41F6C61-7AD6-4C44-B52A-E362A840964E}.Release|Any CPU.ActiveCfg = Release|Any CPU
		{D41F6C61-7AD6-4C44-B52A-E362A840964E}.Release|Any CPU.Build.0 = Release|Any CPU
		{D41F6C61-7AD6-4C44-B52A-E362A840964E}.Release|x64.ActiveCfg = Release|Any CPU
		{D41F6C61-7AD6-4C44-B52A-E362A840964E}.Release|x64.Build.0 = Release|Any CPU
		{D41F6C61-7AD6-4C44-B52A-E362A840964E}.Release|x86.ActiveCfg = Release|Any CPU
		{D41F6C61-7AD6-4C44-B52A-E362A840964E}.Release|x86.Build.0 = Release|Any CPU
	EndGlobalSection
	GlobalSection(SolutionProperties) = preSolution
		HideSolutionNode = FALSE
	EndGlobalSection
	GlobalSection(ExtensibilityGlobals) = postSolution
		SolutionGuid = {F07538D7-F970-4556-90B1-23AF5FDFEEDC}
	EndGlobalSection
EndGlobal
